# THIS IS AN AUTOGENERATED FILE. DO NOT EDIT THIS FILE DIRECTLY.
# yarn lockfile v1


"@thirdweb-dev/contracts@3.4.4":
  version "3.4.4"
  resolved "https://registry.yarnpkg.com/@thirdweb-dev/contracts/-/contracts-3.4.4.tgz#016cb7ce52eb98351ea51c5c6f6e12c665d51543"
  integrity sha512-XBLXN0n/VnORAXzlVgYLJs6rUlLcV9GSRXOLBbsUlTbprQ8y1Ggh0TvPdfsxrf/ZMgTccfzN8o8toabKXNlKhg==
