# THIS IS AN AUTOGENERATED FILE. DO NOT EDIT THIS FILE DIRECTLY.
# yarn lockfile v1


"@thirdweb-dev/contracts@3.0.4":
  version "3.0.4"
  resolved "https://registry.yarnpkg.com/@thirdweb-dev/contracts/-/contracts-3.0.4.tgz#a4c5a8a58ee7cc8630bc3cfe7bbf74fe3b15eabe"
  integrity sha512-x6UOWw3lFZ4pMPBn/lD92Oi4Bk9tLkAI50/b0MIClC7D0sN2Sb4h5ikC6d3+nH+hU03EsIkLd92dJP0EA/bT8w==
