# THIS IS AN AUTOGENERATED FILE. DO NOT EDIT THIS FILE DIRECTLY.
# yarn lockfile v1


"@thirdweb-dev/contracts@3.8.0":
  version "3.8.0"
  resolved "https://registry.yarnpkg.com/@thirdweb-dev/contracts/-/contracts-3.8.0.tgz#301109d28288bde4a7d4f57469ae87d03600fd92"
  integrity sha512-jM6CDz0/vM6Sp+vxUcqL6cnL8Tlxdkpy2X8yYWLTXCKg6UDpt1yuHTedG5/PV7p4RqqpB1kndgw253hOzhWwXg==
